
Microsoft Visual Studio Solution File, Format Version 12.00
# Visual Studio Version 17
VisualStudioVersion = 17.8.34330.188
MinimumVisualStudioVersion = 10.0.40219.1
Project("{FAE04EC0-301F-11D3-BF4B-00C04F79EFBC}") = "Unreal Project Manager", "Unreal Project Manager\Unreal Project Manager.csproj", "{878D022F-C4F5-45AA-8D4B-BE9498D00425}"
EndProject
Project("{54435603-DBB4-11D2-8724-00A0C9A8B90C}") = "UnrealProjectManager", "UnrealProjectManager\UnrealProjectManager.vdproj", "{45163BEF-A0B5-4F47-87ED-7159F885603D}"
EndProject
Global
	GlobalSection(SolutionConfigurationPlatforms) = preSolution
		Debug|Any CPU = Debug|Any CPU
		Release|Any CPU = Release|Any CPU
	EndGlobalSection
	GlobalSection(ProjectConfigurationPlatforms) = postSolution
		{878D022F-C4F5-45AA-8D4B-BE9498D00425}.Debug|Any CPU.ActiveCfg = Debug|Any CPU
		{878D022F-C4F5-45AA-8D4B-BE9498D00425}.Debug|Any CPU.Build.0 = Debug|Any CPU
		{878D022F-C4F5-45AA-8D4B-BE9498D00425}.Release|Any CPU.ActiveCfg = Release|Any CPU
		{878D022F-C4F5-45AA-8D4B-BE9498D00425}.Release|Any CPU.Build.0 = Release|Any CPU
		{45163BEF-A0B5-4F47-87ED-7159F885603D}.Debug|Any CPU.ActiveCfg = Debug
		{45163BEF-A0B5-4F47-87ED-7159F885603D}.Release|Any CPU.ActiveCfg = Release
	EndGlobalSection
	GlobalSection(SolutionProperties) = preSolution
		HideSolutionNode = FALSE
	EndGlobalSection
	GlobalSection(ExtensibilityGlobals) = postSolution
		SolutionGuid = {1AE22F3E-DA32-47C1-9260-2A8CF9A03B03}
	EndGlobalSection
EndGlobal
